
Microsoft Visual Studio Solution File, Format Version 12.00
# Visual Studio Version 16
VisualStudioVersion = 16.0.29519.87
MinimumVisualStudioVersion = 10.0.40219.1
Project("{FAE04EC0-301F-11D3-BF4B-00C04F79EFBC}") = "GAZUAClient", "GAZUAClient\GAZUAClient.csproj", "{AEF943BA-3D9D-440A-BF5C-3FB463C61916}"
EndProject
Global
	GlobalSection(SolutionConfigurationPlatforms) = preSolution
		Debug|Any CPU = Debug|Any CPU
		Release|Any CPU = Release|Any CPU
	EndGlobalSection
	GlobalSection(ProjectConfigurationPlatforms) = postSolution
		{AEF943BA-3D9D-440A-BF5C-3FB463C61916}.Debug|Any CPU.ActiveCfg = Debug|Any CPU
		{AEF943BA-3D9D-440A-BF5C-3FB463C61916}.Debug|Any CPU.Build.0 = Debug|Any CPU
		{AEF943BA-3D9D-440A-BF5C-3FB463C61916}.Release|Any CPU.ActiveCfg = Release|Any CPU
		{AEF943BA-3D9D-440A-BF5C-3FB463C61916}.Release|Any CPU.Build.0 = Release|Any CPU
	EndGlobalSection
	GlobalSection(SolutionProperties) = preSolution
		HideSolutionNode = FALSE
	EndGlobalSection
	GlobalSection(ExtensibilityGlobals) = postSolution
		SolutionGuid = {97A1DDA0-8A6D-4436-A222-E77A2EA417CB}
	EndGlobalSection
EndGlobal
